
Microsoft Visual Studio Solution File, Format Version 12.00
# Visual Studio 15
VisualStudioVersion = 15.0.26430.14
MinimumVisualStudioVersion = 10.0.40219.1
Project("{FAE04EC0-301F-11D3-BF4B-00C04F79EFBC}") = "DotKeylogger.Tray", "DotKeylogger.Tray\DotKeylogger.Tray.csproj", "{0CBD513B-FDAE-472A-9000-39B2ADDF3E93}"
EndProject
Project("{FAE04EC0-301F-11D3-BF4B-00C04F79EFBC}") = "DotKeylogger", "DotKeylogger\DotKeylogger.csproj", "{FE830E4A-4F78-41ED-916A-BB4F0801E898}"
EndProject
Global
	GlobalSection(SolutionConfigurationPlatforms) = preSolution
		Debug|Any CPU = Debug|Any CPU
		Release|Any CPU = Release|Any CPU
	EndGlobalSection
	GlobalSection(ProjectConfigurationPlatforms) = postSolution
		{0CBD513B-FDAE-472A-9000-39B2ADDF3E93}.Debug|Any CPU.ActiveCfg = Debug|Any CPU
		{0CBD513B-FDAE-472A-9000-39B2ADDF3E93}.Debug|Any CPU.Build.0 = Debug|Any CPU
		{0CBD513B-FDAE-472A-9000-39B2ADDF3E93}.Release|Any CPU.ActiveCfg = Release|Any CPU
		{0CBD513B-FDAE-472A-9000-39B2ADDF3E93}.Release|Any CPU.Build.0 = Release|Any CPU
		{FE830E4A-4F78-41ED-916A-BB4F0801E898}.Debug|Any CPU.ActiveCfg = Debug|Any CPU
		{FE830E4A-4F78-41ED-916A-BB4F0801E898}.Debug|Any CPU.Build.0 = Debug|Any CPU
		{FE830E4A-4F78-41ED-916A-BB4F0801E898}.Release|Any CPU.ActiveCfg = Release|Any CPU
		{FE830E4A-4F78-41ED-916A-BB4F0801E898}.Release|Any CPU.Build.0 = Release|Any CPU
	EndGlobalSection
	GlobalSection(SolutionProperties) = preSolution
		HideSolutionNode = FALSE
	EndGlobalSection
EndGlobal
